
Microsoft Visual Studio Solution File, Format Version 12.00
# Visual Studio Version 17
VisualStudioVersion = 17.0.31919.166
MinimumVisualStudioVersion = 10.0.40219.1
Project("{FAE04EC0-301F-11D3-BF4B-00C04F79EFBC}") = "TestTopshelf", "TestTopshelf\TestTopshelf.csproj", "{CD14747A-AD3C-46F2-9243-A0DBD0094B02}"
EndProject
Global
	GlobalSection(SolutionConfigurationPlatforms) = preSolution
		Debug|Any CPU = Debug|Any CPU
		Release|Any CPU = Release|Any CPU
	EndGlobalSection
	GlobalSection(ProjectConfigurationPlatforms) = postSolution
		{CD14747A-AD3C-46F2-9243-A0DBD0094B02}.Debug|Any CPU.ActiveCfg = Debug|Any CPU
		{CD14747A-AD3C-46F2-9243-A0DBD0094B02}.Debug|Any CPU.Build.0 = Debug|Any CPU
		{CD14747A-AD3C-46F2-9243-A0DBD0094B02}.Release|Any CPU.ActiveCfg = Release|Any CPU
		{CD14747A-AD3C-46F2-9243-A0DBD0094B02}.Release|Any CPU.Build.0 = Release|Any CPU
	EndGlobalSection
	GlobalSection(SolutionProperties) = preSolution
		HideSolutionNode = FALSE
	EndGlobalSection
	GlobalSection(ExtensibilityGlobals) = postSolution
		SolutionGuid = {7C90E1EB-3928-4144-B387-0D609A5A77DF}
	EndGlobalSection
EndGlobal
